
Microsoft Visual Studio Solution File, Format Version 12.00
# Visual Studio Version 17
VisualStudioVersion = 17.1.32228.430
MinimumVisualStudioVersion = 10.0.40219.1
Project("{9A19103F-16F7-4668-BE54-9A1E7A4F7556}") = "Web_IDS", "Web_IDS\Web_IDS.csproj", "{C0057938-9768-4905-9649-F7BA0B7BF98B}"
EndProject
Project("{FAE04EC0-301F-11D3-BF4B-00C04F79EFBC}") = "WeatherAPI", "WeatherAPI\WeatherAPI.csproj", "{64F3469D-1DDB-475D-AC79-92D0A466BD6C}"
EndProject
Project("{FAE04EC0-301F-11D3-BF4B-00C04F79EFBC}") = "WeatherMVC", "WeatherMVC\WeatherMVC.csproj", "{6868776E-0553-406A-8331-FE120CA64799}"
EndProject
Global
	GlobalSection(SolutionConfigurationPlatforms) = preSolution
		Debug|Any CPU = Debug|Any CPU
		Release|Any CPU = Release|Any CPU
	EndGlobalSection
	GlobalSection(ProjectConfigurationPlatforms) = postSolution
		{C0057938-9768-4905-9649-F7BA0B7BF98B}.Debug|Any CPU.ActiveCfg = Debug|Any CPU
		{C0057938-9768-4905-9649-F7BA0B7BF98B}.Debug|Any CPU.Build.0 = Debug|Any CPU
		{C0057938-9768-4905-9649-F7BA0B7BF98B}.Release|Any CPU.ActiveCfg = Release|Any CPU
		{C0057938-9768-4905-9649-F7BA0B7BF98B}.Release|Any CPU.Build.0 = Release|Any CPU
		{64F3469D-1DDB-475D-AC79-92D0A466BD6C}.Debug|Any CPU.ActiveCfg = Debug|Any CPU
		{64F3469D-1DDB-475D-AC79-92D0A466BD6C}.Debug|Any CPU.Build.0 = Debug|Any CPU
		{64F3469D-1DDB-475D-AC79-92D0A466BD6C}.Release|Any CPU.ActiveCfg = Release|Any CPU
		{64F3469D-1DDB-475D-AC79-92D0A466BD6C}.Release|Any CPU.Build.0 = Release|Any CPU
		{6868776E-0553-406A-8331-FE120CA64799}.Debug|Any CPU.ActiveCfg = Debug|Any CPU
		{6868776E-0553-406A-8331-FE120CA64799}.Debug|Any CPU.Build.0 = Debug|Any CPU
		{6868776E-0553-406A-8331-FE120CA64799}.Release|Any CPU.ActiveCfg = Release|Any CPU
		{6868776E-0553-406A-8331-FE120CA64799}.Release|Any CPU.Build.0 = Release|Any CPU
	EndGlobalSection
	GlobalSection(SolutionProperties) = preSolution
		HideSolutionNode = FALSE
	EndGlobalSection
	GlobalSection(ExtensibilityGlobals) = postSolution
		SolutionGuid = {9F82BEFB-E72B-4749-B02A-5F6E7051A5DB}
	EndGlobalSection
EndGlobal
